
Microsoft Visual Studio Solution File, Format Version 12.00
# Visual Studio 15
VisualStudioVersion = 15.0.28307.489
MinimumVisualStudioVersion = 10.0.40219.1
Project("{FAE04EC0-301F-11D3-BF4B-00C04F79EFBC}") = "TestBasler", "TestBasler.csproj", "{6A2540C2-9132-4731-B003-A36EFFF96213}"
EndProject
Global
	GlobalSection(SolutionConfigurationPlatforms) = preSolution
		Debug|Any CPU = Debug|Any CPU
		Release|Any CPU = Release|Any CPU
	EndGlobalSection
	GlobalSection(ProjectConfigurationPlatforms) = postSolution
		{6A2540C2-9132-4731-B003-A36EFFF96213}.Debug|Any CPU.ActiveCfg = Debug|Any CPU
		{6A2540C2-9132-4731-B003-A36EFFF96213}.Debug|Any CPU.Build.0 = Debug|Any CPU
		{6A2540C2-9132-4731-B003-A36EFFF96213}.Release|Any CPU.ActiveCfg = Release|Any CPU
		{6A2540C2-9132-4731-B003-A36EFFF96213}.Release|Any CPU.Build.0 = Release|Any CPU
	EndGlobalSection
	GlobalSection(SolutionProperties) = preSolution
		HideSolutionNode = FALSE
	EndGlobalSection
	GlobalSection(ExtensibilityGlobals) = postSolution
		SolutionGuid = {8BB67C03-00E3-437F-973C-8B00982AE2C6}
	EndGlobalSection
EndGlobal
